
Microsoft Visual Studio Solution File, Format Version 12.00
# Visual Studio Version 17
VisualStudioVersion = 17.4.33205.214
MinimumVisualStudioVersion = 10.0.40219.1
Project("{9A19103F-16F7-4668-BE54-9A1E7A4F7556}") = "btlWin1", "btlWin\btlWin1.csproj", "{659BEA2B-D4DA-4813-B21B-7D30FB59668A}"
EndProject
Global
	GlobalSection(SolutionConfigurationPlatforms) = preSolution
		Debug|Any CPU = Debug|Any CPU
		Release|Any CPU = Release|Any CPU
	EndGlobalSection
	GlobalSection(ProjectConfigurationPlatforms) = postSolution
		{659BEA2B-D4DA-4813-B21B-7D30FB59668A}.Debug|Any CPU.ActiveCfg = Debug|Any CPU
		{659BEA2B-D4DA-4813-B21B-7D30FB59668A}.Debug|Any CPU.Build.0 = Debug|Any CPU
		{659BEA2B-D4DA-4813-B21B-7D30FB59668A}.Release|Any CPU.ActiveCfg = Release|Any CPU
		{659BEA2B-D4DA-4813-B21B-7D30FB59668A}.Release|Any CPU.Build.0 = Release|Any CPU
	EndGlobalSection
	GlobalSection(SolutionProperties) = preSolution
		HideSolutionNode = FALSE
	EndGlobalSection
	GlobalSection(ExtensibilityGlobals) = postSolution
		SolutionGuid = {B02D37C2-DE37-4ECC-890A-ED547DB3EC95}
	EndGlobalSection
EndGlobal
